{
  "pins" : [
    {
      "identity" : "combinestorable",
      "kind" : "remoteSourceControl",
      "location" : "https://github.com/crane-hiromu/CombineStorable.git",
      "state" : {
        "revision" : "4b0c651c6ebefd2a4dcfcebee89df7cba68de8a4",
        "version" : "1.1.0"
      }
    }
  ],
  "version" : 2
}
